
Microsoft Visual Studio Solution File, Format Version 12.00
# Visual Studio 2013
VisualStudioVersion = 12.0.30501.0
MinimumVisualStudioVersion = 10.0.40219.1
Project("{FAE04EC0-301F-11D3-BF4B-00C04F79EFBC}") = "WebApplication", "WebApplication\WebApplication.csproj", "{8AB83637-7EB6-4933-BEE4-7BD483812965}"
EndProject
Project("{2150E333-8FDC-42A3-9474-1A3956D46DE8}") = "PublishScripts", "PublishScripts", "{39A4AE32-FF3B-435A-BA58-2857377E0BFE}"
	ProjectSection(SolutionItems) = preProject
		PublishScripts\AzureWebsitePublishModule.psm1 = PublishScripts\AzureWebsitePublishModule.psm1
		PublishScripts\Publish-WebApplicationWebsite.ps1 = PublishScripts\Publish-WebApplicationWebsite.ps1
	EndProjectSection
EndProject
Project("{2150E333-8FDC-42A3-9474-1A3956D46DE8}") = "Configurations", "Configurations", "{A79F70DD-9BCE-4378-9472-AABDE7046B2A}"
	ProjectSection(SolutionItems) = preProject
		PublishScripts\Configurations\WebApplication-WAWS-dev.json = PublishScripts\Configurations\WebApplication-WAWS-dev.json
	EndProjectSection
EndProject
Global
	GlobalSection(SolutionConfigurationPlatforms) = preSolution
		Debug|Any CPU = Debug|Any CPU
		Release|Any CPU = Release|Any CPU
	EndGlobalSection
	GlobalSection(ProjectConfigurationPlatforms) = postSolution
		{8AB83637-7EB6-4933-BEE4-7BD483812965}.Debug|Any CPU.ActiveCfg = Debug|Any CPU
		{8AB83637-7EB6-4933-BEE4-7BD483812965}.Debug|Any CPU.Build.0 = Debug|Any CPU
		{8AB83637-7EB6-4933-BEE4-7BD483812965}.Release|Any CPU.ActiveCfg = Release|Any CPU
		{8AB83637-7EB6-4933-BEE4-7BD483812965}.Release|Any CPU.Build.0 = Release|Any CPU
	EndGlobalSection
	GlobalSection(SolutionProperties) = preSolution
		HideSolutionNode = FALSE
	EndGlobalSection
	GlobalSection(NestedProjects) = preSolution
		{A79F70DD-9BCE-4378-9472-AABDE7046B2A} = {39A4AE32-FF3B-435A-BA58-2857377E0BFE}
	EndGlobalSection
EndGlobal
